
Microsoft Visual Studio Solution File, Format Version 12.00
# Visual Studio Version 17
VisualStudioVersion = 17.13.35919.96 d17.13
MinimumVisualStudioVersion = 10.0.40219.1
Project("{FAE04EC0-301F-11D3-BF4B-00C04F79EFBC}") = "mhrc", "mhrc.csproj", "{86E3A5FB-40D9-821A-8F3F-D261E47AE865}"
EndProject
Global
	GlobalSection(SolutionConfigurationPlatforms) = preSolution
		Debug|Any CPU = Debug|Any CPU
		Release|Any CPU = Release|Any CPU
	EndGlobalSection
	GlobalSection(ProjectConfigurationPlatforms) = postSolution
		{86E3A5FB-40D9-821A-8F3F-D261E47AE865}.Debug|Any CPU.ActiveCfg = Debug|Any CPU
		{86E3A5FB-40D9-821A-8F3F-D261E47AE865}.Debug|Any CPU.Build.0 = Debug|Any CPU
		{86E3A5FB-40D9-821A-8F3F-D261E47AE865}.Release|Any CPU.ActiveCfg = Release|Any CPU
		{86E3A5FB-40D9-821A-8F3F-D261E47AE865}.Release|Any CPU.Build.0 = Release|Any CPU
	EndGlobalSection
	GlobalSection(SolutionProperties) = preSolution
		HideSolutionNode = FALSE
	EndGlobalSection
	GlobalSection(ExtensibilityGlobals) = postSolution
		SolutionGuid = {1A29EC25-1318-4D6F-A4DB-DAF9F2BBB66A}
	EndGlobalSection
EndGlobal
